
Microsoft Visual Studio Solution File, Format Version 12.00
# Visual Studio 15
VisualStudioVersion = 15.0.28307.645
MinimumVisualStudioVersion = 10.0.40219.1
Project("{FAE04EC0-301F-11D3-BF4B-00C04F79EFBC}") = "calculadora en clases", "calculadora en clases\calculadora en clases.csproj", "{0356C116-178C-4284-8084-C925C13E6418}"
EndProject
Global
	GlobalSection(SolutionConfigurationPlatforms) = preSolution
		Debug|Any CPU = Debug|Any CPU
		Release|Any CPU = Release|Any CPU
	EndGlobalSection
	GlobalSection(ProjectConfigurationPlatforms) = postSolution
		{0356C116-178C-4284-8084-C925C13E6418}.Debug|Any CPU.ActiveCfg = Debug|Any CPU
		{0356C116-178C-4284-8084-C925C13E6418}.Debug|Any CPU.Build.0 = Debug|Any CPU
		{0356C116-178C-4284-8084-C925C13E6418}.Release|Any CPU.ActiveCfg = Release|Any CPU
		{0356C116-178C-4284-8084-C925C13E6418}.Release|Any CPU.Build.0 = Release|Any CPU
	EndGlobalSection
	GlobalSection(SolutionProperties) = preSolution
		HideSolutionNode = FALSE
	EndGlobalSection
	GlobalSection(ExtensibilityGlobals) = postSolution
		SolutionGuid = {E9D5F72B-E332-4AFD-87EA-932D36EFD722}
	EndGlobalSection
EndGlobal
